
Microsoft Visual Studio Solution File, Format Version 12.00
# Visual Studio 15
VisualStudioVersion = 15.0.27703.2047
MinimumVisualStudioVersion = 10.0.40219.1
Project("{9A19103F-16F7-4668-BE54-9A1E7A4F7556}") = "DDDSkeletonNET.Infrastructure.Common", "DDDSkeletonNET.Infrastructure.Common\DDDSkeletonNET.Infrastructure.Common.csproj", "{53510282-8E03-4CBD-8F15-3AFEC7D14932}"
EndProject
Project("{9A19103F-16F7-4668-BE54-9A1E7A4F7556}") = "DDDSkeleton.Portal.Domain", "DDDSkeleton.Portal.Domain\DDDSkeleton.Portal.Domain.csproj", "{7BAF0D33-91CC-4FDA-8530-28D04E8BF012}"
EndProject
Project("{9A19103F-16F7-4668-BE54-9A1E7A4F7556}") = "DDDSkeletonNET.Portal.Repository.Memory", "DDDSkeletonNET.Portal.Repository.Memory\DDDSkeletonNET.Portal.Repository.Memory.csproj", "{65F6BAA5-2F92-4CD7-BB81-BD343C36A058}"
EndProject
Project("{9A19103F-16F7-4668-BE54-9A1E7A4F7556}") = "DDDSkeletonNET.Portal.ApplicationServices", "DDDSkeletonNET.Portal.ApplicationServices\DDDSkeletonNET.Portal.ApplicationServices.csproj", "{A19A734A-0FCD-4F1D-989E-E6ACE2B159BA}"
EndProject
Project("{FAE04EC0-301F-11D3-BF4B-00C04F79EFBC}") = "DDDSkeletonNET.Portal.WebService", "DDDSkeletonNET.Portal.WebService\DDDSkeletonNET.Portal.WebService.csproj", "{8D406FEE-8D7A-42FF-A6F1-E6F67D037A51}"
EndProject
Global
	GlobalSection(SolutionConfigurationPlatforms) = preSolution
		Debug|Any CPU = Debug|Any CPU
		Release|Any CPU = Release|Any CPU
	EndGlobalSection
	GlobalSection(ProjectConfigurationPlatforms) = postSolution
		{53510282-8E03-4CBD-8F15-3AFEC7D14932}.Debug|Any CPU.ActiveCfg = Debug|Any CPU
		{53510282-8E03-4CBD-8F15-3AFEC7D14932}.Debug|Any CPU.Build.0 = Debug|Any CPU
		{53510282-8E03-4CBD-8F15-3AFEC7D14932}.Release|Any CPU.ActiveCfg = Release|Any CPU
		{53510282-8E03-4CBD-8F15-3AFEC7D14932}.Release|Any CPU.Build.0 = Release|Any CPU
		{7BAF0D33-91CC-4FDA-8530-28D04E8BF012}.Debug|Any CPU.ActiveCfg = Debug|Any CPU
		{7BAF0D33-91CC-4FDA-8530-28D04E8BF012}.Debug|Any CPU.Build.0 = Debug|Any CPU
		{7BAF0D33-91CC-4FDA-8530-28D04E8BF012}.Release|Any CPU.ActiveCfg = Release|Any CPU
		{7BAF0D33-91CC-4FDA-8530-28D04E8BF012}.Release|Any CPU.Build.0 = Release|Any CPU
		{65F6BAA5-2F92-4CD7-BB81-BD343C36A058}.Debug|Any CPU.ActiveCfg = Debug|Any CPU
		{65F6BAA5-2F92-4CD7-BB81-BD343C36A058}.Debug|Any CPU.Build.0 = Debug|Any CPU
		{65F6BAA5-2F92-4CD7-BB81-BD343C36A058}.Release|Any CPU.ActiveCfg = Release|Any CPU
		{65F6BAA5-2F92-4CD7-BB81-BD343C36A058}.Release|Any CPU.Build.0 = Release|Any CPU
		{A19A734A-0FCD-4F1D-989E-E6ACE2B159BA}.Debug|Any CPU.ActiveCfg = Debug|Any CPU
		{A19A734A-0FCD-4F1D-989E-E6ACE2B159BA}.Debug|Any CPU.Build.0 = Debug|Any CPU
		{A19A734A-0FCD-4F1D-989E-E6ACE2B159BA}.Release|Any CPU.ActiveCfg = Release|Any CPU
		{A19A734A-0FCD-4F1D-989E-E6ACE2B159BA}.Release|Any CPU.Build.0 = Release|Any CPU
		{8D406FEE-8D7A-42FF-A6F1-E6F67D037A51}.Debug|Any CPU.ActiveCfg = Debug|Any CPU
		{8D406FEE-8D7A-42FF-A6F1-E6F67D037A51}.Debug|Any CPU.Build.0 = Debug|Any CPU
		{8D406FEE-8D7A-42FF-A6F1-E6F67D037A51}.Release|Any CPU.ActiveCfg = Release|Any CPU
		{8D406FEE-8D7A-42FF-A6F1-E6F67D037A51}.Release|Any CPU.Build.0 = Release|Any CPU
	EndGlobalSection
	GlobalSection(SolutionProperties) = preSolution
		HideSolutionNode = FALSE
	EndGlobalSection
	GlobalSection(ExtensibilityGlobals) = postSolution
		SolutionGuid = {793D3E36-340D-4459-B744-095DE645637D}
	EndGlobalSection
EndGlobal
